
Microsoft Visual Studio Solution File, Format Version 12.00
# Visual Studio Version 16
VisualStudioVersion = 16.0.31205.134
MinimumVisualStudioVersion = 10.0.40219.1
Project("{FAE04EC0-301F-11D3-BF4B-00C04F79EFBC}") = "Render3D", "Render3D\Render3D.csproj", "{44CA6E21-42D8-42A4-9AD0-EC5392660CCF}"
EndProject
Global
	GlobalSection(SolutionConfigurationPlatforms) = preSolution
		Debug|Any CPU = Debug|Any CPU
		Release|Any CPU = Release|Any CPU
	EndGlobalSection
	GlobalSection(ProjectConfigurationPlatforms) = postSolution
		{44CA6E21-42D8-42A4-9AD0-EC5392660CCF}.Debug|Any CPU.ActiveCfg = Debug|Any CPU
		{44CA6E21-42D8-42A4-9AD0-EC5392660CCF}.Debug|Any CPU.Build.0 = Debug|Any CPU
		{44CA6E21-42D8-42A4-9AD0-EC5392660CCF}.Release|Any CPU.ActiveCfg = Release|Any CPU
		{44CA6E21-42D8-42A4-9AD0-EC5392660CCF}.Release|Any CPU.Build.0 = Release|Any CPU
	EndGlobalSection
	GlobalSection(SolutionProperties) = preSolution
		HideSolutionNode = FALSE
	EndGlobalSection
	GlobalSection(ExtensibilityGlobals) = postSolution
		SolutionGuid = {771C009B-B8EA-499C-93A2-D1A7B250D51C}
	EndGlobalSection
EndGlobal
